github.com/yeboahnanaosei/go v1.2.9 h1:whDYisZK9WLa+m0zGaYLHgZYwRq4GceMqEH1DAhwPdY=
github.com/yeboahnanaosei/go v1.2.9/go.mod h1:zIAQX2LoLo2reI5+9xfR6KcHCGvp5roL23Z7r5O13X0=
github.com/yeboahnanaosei/go v1.2.11 h1:6UkjxtjYhOVE983M8rQAKZF00GUUlodG4Abrlh8BlW8=
github.com/yeboahnanaosei/go v1.2.11/go.mod h1:zIAQX2LoLo2reI5+9xfR6KcHCGvp5roL23Z7r5O13X0=
