github.com/yeboahnanaosei/gitplus v0.0.1 h1:ygXziWpSF6JufSIxfdNQrHXVEFgFhpWnFF7GPW+6HI0=
github.com/yeboahnanaosei/gitplus v0.0.1/go.mod h1:IbF7mTp8Q2qO//6hn8sreTqwadXpYXFDKSJCPVemDhk=
github.com/yeboahnanaosei/gitplus v1.0.0 h1:JLfZceJF/1k++h0EGNIjJ8AC0r+PWcpwU+6R0HQbSoM=
github.com/yeboahnanaosei/gitplus v1.0.0/go.mod h1:IbF7mTp8Q2qO//6hn8sreTqwadXpYXFDKSJCPVemDhk=
